// !$*UTF8*$!
{
	archiveVersion = 1;
	classes = {
	};
	objectVersion = 46;
	objects = {

/* Begin PBXBuildFile section */
		1630A1B81BCA718F00F3B6F5 /* GameController.cpp in Sources */ = {isa = PBXBuildFile; fileRef = 1630A1B61BCA718F00F3B6F5 /* GameController.cpp */; };
		166B465B1BDE08CD00499C7E /* BiomeManager.cpp in Sources */ = {isa = PBXBuildFile; fileRef = 166B46591BDE08CD00499C7E /* BiomeManager.cpp */; };
		168BFB3E1BCE920C0034F4DD /* icon.png in Resources */ = {isa = PBXBuildFile; fileRef = 168BFB3D1BCE920C0034F4DD /* icon.png */; };
		16A1DC8A1BCA58B1007688AD /* Animator.cpp in Sources */ = {isa = PBXBuildFile; fileRef = 16A1DC881BCA58B1007688AD /* Animator.cpp */; };
		16A7A2A81BC3BABD004194BB /* Cartographer.cpp in Sources */ = {isa = PBXBuildFile; fileRef = 16A7A2851BC3BABD004194BB /* Cartographer.cpp */; };
		16A7A2A91BC3BABD004194BB /* CellAuto.cpp in Sources */ = {isa = PBXBuildFile; fileRef = 16A7A2881BC3BABD004194BB /* CellAuto.cpp */; };
		16A7A2AA1BC3BABD004194BB /* Forest.cpp in Sources */ = {isa = PBXBuildFile; fileRef = 16A7A28C1BC3BABD004194BB /* Forest.cpp */; };
		16A7A2AB1BC3BABD004194BB /* Plains.cpp in Sources */ = {isa = PBXBuildFile; fileRef = 16A7A28E1BC3BABD004194BB /* Plains.cpp */; };
		16A7A2AC1BC3BABD004194BB /* House.cpp in Sources */ = {isa = PBXBuildFile; fileRef = 16A7A2921BC3BABD004194BB /* House.cpp */; };
		16A7A2AD1BC3BABD004194BB /* Region.cpp in Sources */ = {isa = PBXBuildFile; fileRef = 16A7A2941BC3BABD004194BB /* Region.cpp */; };
		16A7A2AE1BC3BABD004194BB /* Tile.cpp in Sources */ = {isa = PBXBuildFile; fileRef = 16A7A2961BC3BABD004194BB /* Tile.cpp */; };
		16A7A2AF1BC3BABD004194BB /* .gitignore in Resources */ = {isa = PBXBuildFile; fileRef = 16A7A29A1BC3BABD004194BB /* .gitignore */; };
		16A7A2B11BC3BABD004194BB /* lbCSV.cpp in Sources */ = {isa = PBXBuildFile; fileRef = 16A7A2A21BC3BABD004194BB /* lbCSV.cpp */; };
		16A7A2B21BC3BABD004194BB /* lbLog.cpp in Sources */ = {isa = PBXBuildFile; fileRef = 16A7A2A31BC3BABD004194BB /* lbLog.cpp */; };
		16A7A2B31BC3BABD004194BB /* lbString.cpp in Sources */ = {isa = PBXBuildFile; fileRef = 16A7A2A41BC3BABD004194BB /* lbString.cpp */; };
		16A7A2B41BC3BABD004194BB /* main.cpp in Sources */ = {isa = PBXBuildFile; fileRef = 16A7A2A51BC3BABD004194BB /* main.cpp */; };
		16A7A2CD1BC3CBAD004194BB /* ResourcePath.mm in Sources */ = {isa = PBXBuildFile; fileRef = 16A7A2CA1BC3CBAD004194BB /* ResourcePath.mm */; };
		16A7A2CE1BC3CBAD004194BB /* Singleton.cpp in Sources */ = {isa = PBXBuildFile; fileRef = 16A7A2CB1BC3CBAD004194BB /* Singleton.cpp */; };
		16A7A2D11BC3CBE7004194BB /* TextureManager.cpp in Sources */ = {isa = PBXBuildFile; fileRef = 16A7A2CF1BC3CBE7004194BB /* TextureManager.cpp */; };
		16C35B3E1BC3D51D0020188E /* GArray.cpp in Sources */ = {isa = PBXBuildFile; fileRef = 16C35B2F1BC3D51D0020188E /* GArray.cpp */; };
		16C35B3F1BC3D51D0020188E /* GConfig.cpp in Sources */ = {isa = PBXBuildFile; fileRef = 16C35B311BC3D51D0020188E /* GConfig.cpp */; };
		16C35B401BC3D51D0020188E /* GDict.cpp in Sources */ = {isa = PBXBuildFile; fileRef = 16C35B331BC3D51D0020188E /* GDict.cpp */; };
		16C35B411BC3D51D0020188E /* Generic.cpp in Sources */ = {isa = PBXBuildFile; fileRef = 16C35B351BC3D51D0020188E /* Generic.cpp */; };
		16C35B421BC3D51D0020188E /* GNumber.cpp in Sources */ = {isa = PBXBuildFile; fileRef = 16C35B381BC3D51D0020188E /* GNumber.cpp */; };
		16C35B431BC3D51D0020188E /* GString.cpp in Sources */ = {isa = PBXBuildFile; fileRef = 16C35B3A1BC3D51D0020188E /* GString.cpp */; };
		16C90D7C1BD4E90E0054D9F6 /* SimplexNoise.cpp in Sources */ = {isa = PBXBuildFile; fileRef = 16C90D7A1BD4E90E0054D9F6 /* SimplexNoise.cpp */; };
		16C90D7E1BD4E9370054D9F6 /* biomes.json in Resources */ = {isa = PBXBuildFile; fileRef = 16C90D7D1BD4E9370054D9F6 /* biomes.json */; };
		16D53C4A1BC92F3D00BE00F1 /* tileset.bmp in Resources */ = {isa = PBXBuildFile; fileRef = 16D53C491BC92F3D00BE00F1 /* tileset.bmp */; };
		16D53C4C1BC92F4700BE00F1 /* textures.json in Resources */ = {isa = PBXBuildFile; fileRef = 16D53C4B1BC92F4700BE00F1 /* textures.json */; };
		16D53C511BC936A000BE00F1 /* TileManager.cpp in Sources */ = {isa = PBXBuildFile; fileRef = 16D53C4F1BC936A000BE00F1 /* TileManager.cpp */; };
		16D53C531BC9390A00BE00F1 /* tiles.json in Resources */ = {isa = PBXBuildFile; fileRef = 16D53C521BC9390A00BE00F1 /* tiles.json */; };
		16E1E6111BEF34870080E779 /* song.ogg in Resources */ = {isa = PBXBuildFile; fileRef = 16E1E6101BEF34870080E779 /* song.ogg */; };
		16F4C4651BF44F5500CFC815 /* Player.cpp in Sources */ = {isa = PBXBuildFile; fileRef = 16F4C4631BF44F5500CFC815 /* Player.cpp */; };
		597BE8171BF2CB1800D72174 /* Entity.cpp in Sources */ = {isa = PBXBuildFile; fileRef = 597BE8151BF2CB1800D72174 /* Entity.cpp */; };
		597BE8501BF2EA5100D72174 /* altar.png in Resources */ = {isa = PBXBuildFile; fileRef = 597BE8181BF2EA5100D72174 /* altar.png */; };
		597BE8511BF2EA5100D72174 /* bones.png in Resources */ = {isa = PBXBuildFile; fileRef = 597BE8191BF2EA5100D72174 /* bones.png */; };
		597BE8521BF2EA5100D72174 /* boulder.png in Resources */ = {isa = PBXBuildFile; fileRef = 597BE81A1BF2EA5100D72174 /* boulder.png */; };
		597BE8531BF2EA5100D72174 /* brick-wall.png in Resources */ = {isa = PBXBuildFile; fileRef = 597BE81B1BF2EA5100D72174 /* brick-wall.png */; };
		597BE8541BF2EA5100D72174 /* bricks-window-barred.png in Resources */ = {isa = PBXBuildFile; fileRef = 597BE81C1BF2EA5100D72174 /* bricks-window-barred.png */; };
		597BE8551BF2EA5100D72174 /* bricks-window.png in Resources */ = {isa = PBXBuildFile; fileRef = 597BE81D1BF2EA5100D72174 /* bricks-window.png */; };
		597BE8561BF2EA5100D72174 /* cactus.png in Resources */ = {isa = PBXBuildFile; fileRef = 597BE81E1BF2EA5100D72174 /* cactus.png */; };
		597BE8571BF2EA5100D72174 /* clay.png in Resources */ = {isa = PBXBuildFile; fileRef = 597BE81F1BF2EA5100D72174 /* clay.png */; };
		597BE8581BF2EA5100D72174 /* cobble.png in Resources */ = {isa = PBXBuildFile; fileRef = 597BE8201BF2EA5100D72174 /* cobble.png */; };
		597BE8591BF2EA5100D72174 /* crate.png in Resources */ = {isa = PBXBuildFile; fileRef = 597BE8211BF2EA5100D72174 /* crate.png */; };
		597BE85A1BF2EA5100D72174 /* dirt.png in Resources */ = {isa = PBXBuildFile; fileRef = 597BE8221BF2EA5100D72174 /* dirt.png */; };
		597BE85B1BF2EA5100D72174 /* field-1.png in Resources */ = {isa = PBXBuildFile; fileRef = 597BE8231BF2EA5100D72174 /* field-1.png */; };
		597BE85C1BF2EA5100D72174 /* field-2.png in Resources */ = {isa = PBXBuildFile; fileRef = 597BE8241BF2EA5100D72174 /* field-2.png */; };
		597BE85D1BF2EA5100D72174 /* field-3.png in Resources */ = {isa = PBXBuildFile; fileRef = 597BE8251BF2EA5100D72174 /* field-3.png */; };
		597BE85E1BF2EA5100D72174 /* field-4.png in Resources */ = {isa = PBXBuildFile; fileRef = 597BE8261BF2EA5100D72174 /* field-4.png */; };
		597BE85F1BF2EA5100D72174 /* field-dead.png in Resources */ = {isa = PBXBuildFile; fileRef = 597BE8271BF2EA5100D72174 /* field-dead.png */; };
		597BE8601BF2EA5100D72174 /* fire.png in Resources */ = {isa = PBXBuildFile; fileRef = 597BE8281BF2EA5100D72174 /* fire.png */; };
		597BE8611BF2EA5100D72174 /* fountain.png in Resources */ = {isa = PBXBuildFile; fileRef = 597BE8291BF2EA5100D72174 /* fountain.png */; };
		597BE8621BF2EA5100D72174 /* grass.png in Resources */ = {isa = PBXBuildFile; fileRef = 597BE82A1BF2EA5100D72174 /* grass.png */; };
		597BE8631BF2EA5100D72174 /* hill.png in Resources */ = {isa = PBXBuildFile; fileRef = 597BE82B1BF2EA5100D72174 /* hill.png */; };
		597BE8641BF2EA5100D72174 /* kiln.png in Resources */ = {isa = PBXBuildFile; fileRef = 597BE82C1BF2EA5100D72174 /* kiln.png */; };
		597BE8651BF2EA5100D72174 /* lava.png in Resources */ = {isa = PBXBuildFile; fileRef = 597BE82D1BF2EA5100D72174 /* lava.png */; };
		597BE8661BF2EA5100D72174 /* mountain.png in Resources */ = {isa = PBXBuildFile; fileRef = 597BE82E1BF2EA5100D72174 /* mountain.png */; };
		597BE8671BF2EA5100D72174 /* river.png in Resources */ = {isa = PBXBuildFile; fileRef = 597BE82F1BF2EA5100D72174 /* river.png */; };
		597BE8681BF2EA5100D72174 /* rocks.png in Resources */ = {isa = PBXBuildFile; fileRef = 597BE8301BF2EA5100D72174 /* rocks.png */; };
		597BE8691BF2EA5100D72174 /* snow.png in Resources */ = {isa = PBXBuildFile; fileRef = 597BE8311BF2EA5100D72174 /* snow.png */; };
		597BE86A1BF2EA5100D72174 /* statue.png in Resources */ = {isa = PBXBuildFile; fileRef = 597BE8321BF2EA5100D72174 /* statue.png */; };
		597BE86B1BF2EA5100D72174 /* stone-door-broken.png in Resources */ = {isa = PBXBuildFile; fileRef = 597BE8331BF2EA5100D72174 /* stone-door-broken.png */; };
		597BE86C1BF2EA5100D72174 /* stone-door-close.png in Resources */ = {isa = PBXBuildFile; fileRef = 597BE8341BF2EA5100D72174 /* stone-door-close.png */; };
		597BE86D1BF2EA5100D72174 /* stone-door-metal.png in Resources */ = {isa = PBXBuildFile; fileRef = 597BE8351BF2EA5100D72174 /* stone-door-metal.png */; };
		597BE86E1BF2EA5100D72174 /* stone-door-open.png in Resources */ = {isa = PBXBuildFile; fileRef = 597BE8361BF2EA5100D72174 /* stone-door-open.png */; };
		597BE86F1BF2EA5100D72174 /* stone-stairs-down.png in Resources */ = {isa = PBXBuildFile; fileRef = 597BE8371BF2EA5100D72174 /* stone-stairs-down.png */; };
		597BE8701BF2EA5100D72174 /* stone-stairs-up.png in Resources */ = {isa = PBXBuildFile; fileRef = 597BE8381BF2EA5100D72174 /* stone-stairs-up.png */; };
		597BE8711BF2EA5100D72174 /* stone-wall.png in Resources */ = {isa = PBXBuildFile; fileRef = 597BE8391BF2EA5100D72174 /* stone-wall.png */; };
		597BE8721BF2EA5100D72174 /* stone-window-barred.png in Resources */ = {isa = PBXBuildFile; fileRef = 597BE83A1BF2EA5100D72174 /* stone-window-barred.png */; };
		597BE8731BF2EA5100D72174 /* stone-window.png in Resources */ = {isa = PBXBuildFile; fileRef = 597BE83B1BF2EA5100D72174 /* stone-window.png */; };
		597BE8741BF2EA5100D72174 /* swamp.png in Resources */ = {isa = PBXBuildFile; fileRef = 597BE83C1BF2EA5100D72174 /* swamp.png */; };
		597BE8751BF2EA5100D72174 /* tree-dead.png in Resources */ = {isa = PBXBuildFile; fileRef = 597BE83D1BF2EA5100D72174 /* tree-dead.png */; };
		597BE8761BF2EA5100D72174 /* tree-oak.png in Resources */ = {isa = PBXBuildFile; fileRef = 597BE83E1BF2EA5100D72174 /* tree-oak.png */; };
		597BE8771BF2EA5100D72174 /* tree-palm.png in Resources */ = {isa = PBXBuildFile; fileRef = 597BE83F1BF2EA5100D72174 /* tree-palm.png */; };
		597BE8781BF2EA5100D72174 /* tree-pine-snow.png in Resources */ = {isa = PBXBuildFile; fileRef = 597BE8401BF2EA5100D72174 /* tree-pine-snow.png */; };
		597BE8791BF2EA5100D72174 /* tree-pine.png in Resources */ = {isa = PBXBuildFile; fileRef = 597BE8411BF2EA5100D72174 /* tree-pine.png */; };
		597BE87A1BF2EA5100D72174 /* tree-swamp.png in Resources */ = {isa = PBXBuildFile; fileRef = 597BE8421BF2EA5100D72174 /* tree-swamp.png */; };
		597BE87B1BF2EA5100D72174 /* volcano-empty.png in Resources */ = {isa = PBXBuildFile; fileRef = 597BE8431BF2EA5100D72174 /* volcano-empty.png */; };
		597BE87C1BF2EA5100D72174 /* volcano-full.png in Resources */ = {isa = PBXBuildFile; fileRef = 597BE8441BF2EA5100D72174 /* volcano-full.png */; };
		597BE87D1BF2EA5100D72174 /* volcano-overflow.png in Resources */ = {isa = PBXBuildFile; fileRef = 597BE8451BF2EA5100D72174 /* volcano-overflow.png */; };
		597BE87E1BF2EA5100D72174 /* water.png in Resources */ = {isa = PBXBuildFile; fileRef = 597BE8461BF2EA5100D72174 /* water.png */; };
		597BE87F1BF2EA5100D72174 /* wood-door-broken.png in Resources */ = {isa = PBXBuildFile; fileRef = 597BE8471BF2EA5100D72174 /* wood-door-broken.png */; };
		597BE8801BF2EA5100D72174 /* wood-door-closed.png in Resources */ = {isa = PBXBuildFile; fileRef = 597BE8481BF2EA5100D72174 /* wood-door-closed.png */; };
		597BE8811BF2EA5100D72174 /* wood-door-open.png in Resources */ = {isa = PBXBuildFile; fileRef = 597BE8491BF2EA5100D72174 /* wood-door-open.png */; };
		597BE8821BF2EA5100D72174 /* wood-stairs-down.png in Resources */ = {isa = PBXBuildFile; fileRef = 597BE84A1BF2EA5100D72174 /* wood-stairs-down.png */; };
		597BE8831BF2EA5100D72174 /* wood-stairs-up.png in Resources */ = {isa = PBXBuildFile; fileRef = 597BE84B1BF2EA5100D72174 /* wood-stairs-up.png */; };
		597BE8841BF2EA5100D72174 /* wood-wall.png in Resources */ = {isa = PBXBuildFile; fileRef = 597BE84C1BF2EA5100D72174 /* wood-wall.png */; };
		597BE8851BF2EA5100D72174 /* wood-window-barred.png in Resources */ = {isa = PBXBuildFile; fileRef = 597BE84D1BF2EA5100D72174 /* wood-window-barred.png */; };
		597BE8861BF2EA5100D72174 /* wood-window-frame.png in Resources */ = {isa = PBXBuildFile; fileRef = 597BE84E1BF2EA5100D72174 /* wood-window-frame.png */; };
		597BE8871BF2EA5100D72174 /* wood-window.png in Resources */ = {isa = PBXBuildFile; fileRef = 597BE84F1BF2EA5100D72174 /* wood-window.png */; };
		597BE88B1BF2F1B800D72174 /* player.png in Resources */ = {isa = PBXBuildFile; fileRef = 597BE88A1BF2F1B800D72174 /* player.png */; };
		59D9CC541BDE51A70064F621 /* Farm.cpp in Sources */ = {isa = PBXBuildFile; fileRef = 59D9CC521BDE51A70064F621 /* Farm.cpp */; };
/* End PBXBuildFile section */

/* Begin PBXFileReference section */
		1630A1B61BCA718F00F3B6F5 /* GameController.cpp */ = {isa = PBXFileReference; fileEncoding = 4; lastKnownFileType = sourcecode.cpp.cpp; path = GameController.cpp; sourceTree = "<group>"; };
		1630A1B71BCA718F00F3B6F5 /* GameController.hpp */ = {isa = PBXFileReference; fileEncoding = 4; lastKnownFileType = sourcecode.cpp.h; path = GameController.hpp; sourceTree = "<group>"; };
		166B46591BDE08CD00499C7E /* BiomeManager.cpp */ = {isa = PBXFileReference; fileEncoding = 4; lastKnownFileType = sourcecode.cpp.cpp; path = BiomeManager.cpp; sourceTree = "<group>"; };
		166B465A1BDE08CD00499C7E /* BiomeManager.hpp */ = {isa = PBXFileReference; fileEncoding = 4; lastKnownFileType = sourcecode.cpp.h; path = BiomeManager.hpp; sourceTree = "<group>"; };
		168BFB3D1BCE920C0034F4DD /* icon.png */ = {isa = PBXFileReference; lastKnownFileType = image.png; name = icon.png; path = Resources/icon.png; sourceTree = "<group>"; };
		16A1DC881BCA58B1007688AD /* Animator.cpp */ = {isa = PBXFileReference; fileEncoding = 4; lastKnownFileType = sourcecode.cpp.cpp; path = Animator.cpp; sourceTree = "<group>"; };
		16A1DC891BCA58B1007688AD /* Animator.hpp */ = {isa = PBXFileReference; fileEncoding = 4; lastKnownFileType = sourcecode.cpp.h; path = Animator.hpp; sourceTree = "<group>"; };
		16A7A2851BC3BABD004194BB /* Cartographer.cpp */ = {isa = PBXFileReference; fileEncoding = 4; lastKnownFileType = sourcecode.cpp.cpp; path = Cartographer.cpp; sourceTree = "<group>"; };
		16A7A2861BC3BABD004194BB /* Cartographer.h */ = {isa = PBXFileReference; fileEncoding = 4; lastKnownFileType = sourcecode.c.h; path = Cartographer.h; sourceTree = "<group>"; };
		16A7A2881BC3BABD004194BB /* CellAuto.cpp */ = {isa = PBXFileReference; fileEncoding = 4; lastKnownFileType = sourcecode.cpp.cpp; path = CellAuto.cpp; sourceTree = "<group>"; };
		16A7A2891BC3BABD004194BB /* CellAuto.h */ = {isa = PBXFileReference; fileEncoding = 4; lastKnownFileType = sourcecode.c.h; path = CellAuto.h; sourceTree = "<group>"; };
		16A7A28C1BC3BABD004194BB /* Forest.cpp */ = {isa = PBXFileReference; fileEncoding = 4; lastKnownFileType = sourcecode.cpp.cpp; path = Forest.cpp; sourceTree = "<group>"; };
		16A7A28D1BC3BABD004194BB /* Forest.h */ = {isa = PBXFileReference; fileEncoding = 4; lastKnownFileType = sourcecode.c.h; path = Forest.h; sourceTree = "<group>"; };
		16A7A28E1BC3BABD004194BB /* Plains.cpp */ = {isa = PBXFileReference; fileEncoding = 4; lastKnownFileType = sourcecode.cpp.cpp; path = Plains.cpp; sourceTree = "<group>"; };
		16A7A28F1BC3BABD004194BB /* Plains.h */ = {isa = PBXFileReference; fileEncoding = 4; lastKnownFileType = sourcecode.c.h; path = Plains.h; sourceTree = "<group>"; };
		16A7A2921BC3BABD004194BB /* House.cpp */ = {isa = PBXFileReference; fileEncoding = 4; lastKnownFileType = sourcecode.cpp.cpp; path = House.cpp; sourceTree = "<group>"; };
		16A7A2931BC3BABD004194BB /* House.h */ = {isa = PBXFileReference; fileEncoding = 4; lastKnownFileType = sourcecode.c.h; path = House.h; sourceTree = "<group>"; };
		16A7A2941BC3BABD004194BB /* Region.cpp */ = {isa = PBXFileReference; fileEncoding = 4; lastKnownFileType = sourcecode.cpp.cpp; path = Region.cpp; sourceTree = "<group>"; };
		16A7A2951BC3BABD004194BB /* Region.h */ = {isa = PBXFileReference; fileEncoding = 4; lastKnownFileType = sourcecode.c.h; path = Region.h; sourceTree = "<group>"; };
		16A7A2961BC3BABD004194BB /* Tile.cpp */ = {isa = PBXFileReference; fileEncoding = 4; lastKnownFileType = sourcecode.cpp.cpp; path = Tile.cpp; sourceTree = "<group>"; };
		16A7A2971BC3BABD004194BB /* Tile.h */ = {isa = PBXFileReference; fileEncoding = 4; lastKnownFileType = sourcecode.c.h; path = Tile.h; sourceTree = "<group>"; };
		16A7A29A1BC3BABD004194BB /* .gitignore */ = {isa = PBXFileReference; fileEncoding = 4; lastKnownFileType = text; path = .gitignore; sourceTree = "<group>"; };
		16A7A29C1BC3BABD004194BB /* lbCSV.h */ = {isa = PBXFileReference; fileEncoding = 4; lastKnownFileType = sourcecode.c.h; path = lbCSV.h; sourceTree = "<group>"; };
		16A7A29D1BC3BABD004194BB /* lbLog.h */ = {isa = PBXFileReference; fileEncoding = 4; lastKnownFileType = sourcecode.c.h; path = lbLog.h; sourceTree = "<group>"; };
		16A7A29E1BC3BABD004194BB /* lbRNG.h */ = {isa = PBXFileReference; fileEncoding = 4; lastKnownFileType = sourcecode.c.h; path = lbRNG.h; sourceTree = "<group>"; };
		16A7A29F1BC3BABD004194BB /* lbString.h */ = {isa = PBXFileReference; fileEncoding = 4; lastKnownFileType = sourcecode.c.h; path = lbString.h; sourceTree = "<group>"; };
		16A7A2A21BC3BABD004194BB /* lbCSV.cpp */ = {isa = PBXFileReference; fileEncoding = 4; lastKnownFileType = sourcecode.cpp.cpp; path = lbCSV.cpp; sourceTree = "<group>"; };
		16A7A2A31BC3BABD004194BB /* lbLog.cpp */ = {isa = PBXFileReference; fileEncoding = 4; lastKnownFileType = sourcecode.cpp.cpp; path = lbLog.cpp; sourceTree = "<group>"; };
		16A7A2A41BC3BABD004194BB /* lbString.cpp */ = {isa = PBXFileReference; fileEncoding = 4; lastKnownFileType = sourcecode.cpp.cpp; path = lbString.cpp; sourceTree = "<group>"; };
		16A7A2A51BC3BABD004194BB /* main.cpp */ = {isa = PBXFileReference; fileEncoding = 4; lastKnownFileType = sourcecode.cpp.cpp; name = main.cpp; path = src/main.cpp; sourceTree = "<group>"; };
		16A7A2C91BC3CBAD004194BB /* ResourcePath.hpp */ = {isa = PBXFileReference; fileEncoding = 4; lastKnownFileType = sourcecode.cpp.h; name = ResourcePath.hpp; path = src/Utils/ResourcePath.hpp; sourceTree = "<group>"; };
		16A7A2CA1BC3CBAD004194BB /* ResourcePath.mm */ = {isa = PBXFileReference; fileEncoding = 4; lastKnownFileType = sourcecode.cpp.objcpp; name = ResourcePath.mm; path = src/Utils/ResourcePath.mm; sourceTree = "<group>"; };
		16A7A2CB1BC3CBAD004194BB /* Singleton.cpp */ = {isa = PBXFileReference; fileEncoding = 4; lastKnownFileType = sourcecode.cpp.cpp; name = Singleton.cpp; path = src/Utils/Singleton.cpp; sourceTree = "<group>"; };
		16A7A2CC1BC3CBAD004194BB /* Singleton.hpp */ = {isa = PBXFileReference; fileEncoding = 4; lastKnownFileType = sourcecode.cpp.h; name = Singleton.hpp; path = src/Utils/Singleton.hpp; sourceTree = "<group>"; };
		16A7A2CF1BC3CBE7004194BB /* TextureManager.cpp */ = {isa = PBXFileReference; fileEncoding = 4; lastKnownFileType = sourcecode.cpp.cpp; path = TextureManager.cpp; sourceTree = "<group>"; };
		16A7A2D01BC3CBE7004194BB /* TextureManager.hpp */ = {isa = PBXFileReference; fileEncoding = 4; lastKnownFileType = sourcecode.cpp.h; path = TextureManager.hpp; sourceTree = "<group>"; };
		16C35B2F1BC3D51D0020188E /* GArray.cpp */ = {isa = PBXFileReference; fileEncoding = 4; lastKnownFileType = sourcecode.cpp.cpp; path = GArray.cpp; sourceTree = "<group>"; };
		16C35B301BC3D51D0020188E /* GArray.h */ = {isa = PBXFileReference; fileEncoding = 4; lastKnownFileType = sourcecode.c.h; path = GArray.h; sourceTree = "<group>"; };
		16C35B311BC3D51D0020188E /* GConfig.cpp */ = {isa = PBXFileReference; fileEncoding = 4; lastKnownFileType = sourcecode.cpp.cpp; path = GConfig.cpp; sourceTree = "<group>"; };
		16C35B321BC3D51D0020188E /* GConfig.h */ = {isa = PBXFileReference; fileEncoding = 4; lastKnownFileType = sourcecode.c.h; path = GConfig.h; sourceTree = "<group>"; };
		16C35B331BC3D51D0020188E /* GDict.cpp */ = {isa = PBXFileReference; fileEncoding = 4; lastKnownFileType = sourcecode.cpp.cpp; path = GDict.cpp; sourceTree = "<group>"; };
		16C35B341BC3D51D0020188E /* GDict.h */ = {isa = PBXFileReference; fileEncoding = 4; lastKnownFileType = sourcecode.c.h; path = GDict.h; sourceTree = "<group>"; };
		16C35B351BC3D51D0020188E /* Generic.cpp */ = {isa = PBXFileReference; fileEncoding = 4; lastKnownFileType = sourcecode.cpp.cpp; path = Generic.cpp; sourceTree = "<group>"; };
		16C35B361BC3D51D0020188E /* Generic.h */ = {isa = PBXFileReference; fileEncoding = 4; lastKnownFileType = sourcecode.c.h; path = Generic.h; sourceTree = "<group>"; };
		16C35B371BC3D51D0020188E /* Generics.h */ = {isa = PBXFileReference; fileEncoding = 4; lastKnownFileType = sourcecode.c.h; path = Generics.h; sourceTree = "<group>"; };
		16C35B381BC3D51D0020188E /* GNumber.cpp */ = {isa = PBXFileReference; fileEncoding = 4; lastKnownFileType = sourcecode.cpp.cpp; path = GNumber.cpp; sourceTree = "<group>"; };
		16C35B391BC3D51D0020188E /* GNumber.h */ = {isa = PBXFileReference; fileEncoding = 4; lastKnownFileType = sourcecode.c.h; path = GNumber.h; sourceTree = "<group>"; };
		16C35B3A1BC3D51D0020188E /* GString.cpp */ = {isa = PBXFileReference; fileEncoding = 4; lastKnownFileType = sourcecode.cpp.cpp; path = GString.cpp; sourceTree = "<group>"; };
		16C35B3B1BC3D51D0020188E /* GString.h */ = {isa = PBXFileReference; fileEncoding = 4; lastKnownFileType = sourcecode.c.h; path = GString.h; sourceTree = "<group>"; };
		16C35B3D1BC3D51D0020188E /* Utils.h */ = {isa = PBXFileReference; fileEncoding = 4; lastKnownFileType = sourcecode.c.h; path = Utils.h; sourceTree = "<group>"; };
		16C6CA351BC3B98A000FC6EC /* Crypt.app */ = {isa = PBXFileReference; explicitFileType = wrapper.application; includeInIndex = 0; path = Crypt.app; sourceTree = BUILT_PRODUCTS_DIR; };
		16C6CA391BC3B98A000FC6EC /* Crypt-Info.plist */ = {isa = PBXFileReference; lastKnownFileType = text.plist.xml; path = "Crypt-Info.plist"; sourceTree = "<group>"; };
		16C90D7A1BD4E90E0054D9F6 /* SimplexNoise.cpp */ = {isa = PBXFileReference; fileEncoding = 4; lastKnownFileType = sourcecode.cpp.cpp; name = SimplexNoise.cpp; path = src/Utils/SimplexNoise.cpp; sourceTree = "<group>"; };
		16C90D7B1BD4E90E0054D9F6 /* SimplexNoise.h */ = {isa = PBXFileReference; fileEncoding = 4; lastKnownFileType = sourcecode.c.h; name = SimplexNoise.h; path = src/Utils/SimplexNoise.h; sourceTree = "<group>"; };
		16C90D7D1BD4E9370054D9F6 /* biomes.json */ = {isa = PBXFileReference; fileEncoding = 4; lastKnownFileType = text.json; name = biomes.json; path = Resources/biomes.json; sourceTree = "<group>"; };
		16D53C491BC92F3D00BE00F1 /* tileset.bmp */ = {isa = PBXFileReference; lastKnownFileType = image.bmp; name = tileset.bmp; path = Resources/tileset.bmp; sourceTree = "<group>"; };
		16D53C4B1BC92F4700BE00F1 /* textures.json */ = {isa = PBXFileReference; fileEncoding = 4; lastKnownFileType = text.json; name = textures.json; path = Resources/textures.json; sourceTree = "<group>"; };
		16D53C4F1BC936A000BE00F1 /* TileManager.cpp */ = {isa = PBXFileReference; fileEncoding = 4; lastKnownFileType = sourcecode.cpp.cpp; path = TileManager.cpp; sourceTree = "<group>"; };
		16D53C501BC936A000BE00F1 /* TileManager.hpp */ = {isa = PBXFileReference; fileEncoding = 4; lastKnownFileType = sourcecode.cpp.h; path = TileManager.hpp; sourceTree = "<group>"; };
		16D53C521BC9390A00BE00F1 /* tiles.json */ = {isa = PBXFileReference; fileEncoding = 4; lastKnownFileType = text.json; name = tiles.json; path = Resources/tiles.json; sourceTree = "<group>"; };
		16E1E6101BEF34870080E779 /* song.ogg */ = {isa = PBXFileReference; lastKnownFileType = file; path = song.ogg; sourceTree = "<group>"; };
		16F4C4631BF44F5500CFC815 /* Player.cpp */ = {isa = PBXFileReference; fileEncoding = 4; lastKnownFileType = sourcecode.cpp.cpp; path = Player.cpp; sourceTree = "<group>"; };
		16F4C4641BF44F5500CFC815 /* Player.hpp */ = {isa = PBXFileReference; fileEncoding = 4; lastKnownFileType = sourcecode.cpp.h; path = Player.hpp; sourceTree = "<group>"; };
		597BE8151BF2CB1800D72174 /* Entity.cpp */ = {isa = PBXFileReference; fileEncoding = 4; lastKnownFileType = sourcecode.cpp.cpp; name = Entity.cpp; path = src/Entity.cpp; sourceTree = "<group>"; };
		597BE8161BF2CB1800D72174 /* Entity.h */ = {isa = PBXFileReference; fileEncoding = 4; lastKnownFileType = sourcecode.c.h; name = Entity.h; path = src/Entity.h; sourceTree = "<group>"; };
		597BE8181BF2EA5100D72174 /* altar.png */ = {isa = PBXFileReference; lastKnownFileType = image.png; path = altar.png; sourceTree = "<group>"; };
		597BE8191BF2EA5100D72174 /* bones.png */ = {isa = PBXFileReference; lastKnownFileType = image.png; path = bones.png; sourceTree = "<group>"; };
		597BE81A1BF2EA5100D72174 /* boulder.png */ = {isa = PBXFileReference; lastKnownFileType = image.png; path = boulder.png; sourceTree = "<group>"; };
		597BE81B1BF2EA5100D72174 /* brick-wall.png */ = {isa = PBXFileReference; lastKnownFileType = image.png; path = "brick-wall.png"; sourceTree = "<group>"; };
		597BE81C1BF2EA5100D72174 /* bricks-window-barred.png */ = {isa = PBXFileReference; lastKnownFileType = image.png; path = "bricks-window-barred.png"; sourceTree = "<group>"; };
		597BE81D1BF2EA5100D72174 /* bricks-window.png */ = {isa = PBXFileReference; lastKnownFileType = image.png; path = "bricks-window.png"; sourceTree = "<group>"; };
		597BE81E1BF2EA5100D72174 /* cactus.png */ = {isa = PBXFileReference; lastKnownFileType = image.png; path = cactus.png; sourceTree = "<group>"; };
		597BE81F1BF2EA5100D72174 /* clay.png */ = {isa = PBXFileReference; lastKnownFileType = image.png; path = clay.png; sourceTree = "<group>"; };
		597BE8201BF2EA5100D72174 /* cobble.png */ = {isa = PBXFileReference; lastKnownFileType = image.png; path = cobble.png; sourceTree = "<group>"; };
		597BE8211BF2EA5100D72174 /* crate.png */ = {isa = PBXFileReference; lastKnownFileType = image.png; path = crate.png; sourceTree = "<group>"; };
		597BE8221BF2EA5100D72174 /* dirt.png */ = {isa = PBXFileReference; lastKnownFileType = image.png; path = dirt.png; sourceTree = "<group>"; };
		597BE8231BF2EA5100D72174 /* field-1.png */ = {isa = PBXFileReference; lastKnownFileType = image.png; path = "field-1.png"; sourceTree = "<group>"; };
		597BE8241BF2EA5100D72174 /* field-2.png */ = {isa = PBXFileReference; lastKnownFileType = image.png; path = "field-2.png"; sourceTree = "<group>"; };
		597BE8251BF2EA5100D72174 /* field-3.png */ = {isa = PBXFileReference; lastKnownFileType = image.png; path = "field-3.png"; sourceTree = "<group>"; };
		597BE8261BF2EA5100D72174 /* field-4.png */ = {isa = PBXFileReference; lastKnownFileType = image.png; path = "field-4.png"; sourceTree = "<group>"; };
		597BE8271BF2EA5100D72174 /* field-dead.png */ = {isa = PBXFileReference; lastKnownFileType = image.png; path = "field-dead.png"; sourceTree = "<group>"; };
		597BE8281BF2EA5100D72174 /* fire.png */ = {isa = PBXFileReference; lastKnownFileType = image.png; path = fire.png; sourceTree = "<group>"; };
		597BE8291BF2EA5100D72174 /* fountain.png */ = {isa = PBXFileReference; lastKnownFileType = image.png; path = fountain.png; sourceTree = "<group>"; };
		597BE82A1BF2EA5100D72174 /* grass.png */ = {isa = PBXFileReference; lastKnownFileType = image.png; path = grass.png; sourceTree = "<group>"; };
		597BE82B1BF2EA5100D72174 /* hill.png */ = {isa = PBXFileReference; lastKnownFileType = image.png; path = hill.png; sourceTree = "<group>"; };
		597BE82C1BF2EA5100D72174 /* kiln.png */ = {isa = PBXFileReference; lastKnownFileType = image.png; path = kiln.png; sourceTree = "<group>"; };
		597BE82D1BF2EA5100D72174 /* lava.png */ = {isa = PBXFileReference; lastKnownFileType = image.png; path = lava.png; sourceTree = "<group>"; };
		597BE82E1BF2EA5100D72174 /* mountain.png */ = {isa = PBXFileReference; lastKnownFileType = image.png; path = mountain.png; sourceTree = "<group>"; };
		597BE82F1BF2EA5100D72174 /* river.png */ = {isa = PBXFileReference; lastKnownFileType = image.png; path = river.png; sourceTree = "<group>"; };
		597BE8301BF2EA5100D72174 /* rocks.png */ = {isa = PBXFileReference; lastKnownFileType = image.png; path = rocks.png; sourceTree = "<group>"; };
		597BE8311BF2EA5100D72174 /* snow.png */ = {isa = PBXFileReference; lastKnownFileType = image.png; path = snow.png; sourceTree = "<group>"; };
		597BE8321BF2EA5100D72174 /* statue.png */ = {isa = PBXFileReference; lastKnownFileType = image.png; path = statue.png; sourceTree = "<group>"; };
		597BE8331BF2EA5100D72174 /* stone-door-broken.png */ = {isa = PBXFileReference; lastKnownFileType = image.png; path = "stone-door-broken.png"; sourceTree = "<group>"; };
		597BE8341BF2EA5100D72174 /* stone-door-close.png */ = {isa = PBXFileReference; lastKnownFileType = image.png; path = "stone-door-close.png"; sourceTree = "<group>"; };
		597BE8351BF2EA5100D72174 /* stone-door-metal.png */ = {isa = PBXFileReference; lastKnownFileType = image.png; path = "stone-door-metal.png"; sourceTree = "<group>"; };
		597BE8361BF2EA5100D72174 /* stone-door-open.png */ = {isa = PBXFileReference; lastKnownFileType = image.png; path = "stone-door-open.png"; sourceTree = "<group>"; };
		597BE8371BF2EA5100D72174 /* stone-stairs-down.png */ = {isa = PBXFileReference; lastKnownFileType = image.png; path = "stone-stairs-down.png"; sourceTree = "<group>"; };
		597BE8381BF2EA5100D72174 /* stone-stairs-up.png */ = {isa = PBXFileReference; lastKnownFileType = image.png; path = "stone-stairs-up.png"; sourceTree = "<group>"; };
		597BE8391BF2EA5100D72174 /* stone-wall.png */ = {isa = PBXFileReference; lastKnownFileType = image.png; path = "stone-wall.png"; sourceTree = "<group>"; };
		597BE83A1BF2EA5100D72174 /* stone-window-barred.png */ = {isa = PBXFileReference; lastKnownFileType = image.png; path = "stone-window-barred.png"; sourceTree = "<group>"; };
		597BE83B1BF2EA5100D72174 /* stone-window.png */ = {isa = PBXFileReference; lastKnownFileType = image.png; path = "stone-window.png"; sourceTree = "<group>"; };
		597BE83C1BF2EA5100D72174 /* swamp.png */ = {isa = PBXFileReference; lastKnownFileType = image.png; path = swamp.png; sourceTree = "<group>"; };
		597BE83D1BF2EA5100D72174 /* tree-dead.png */ = {isa = PBXFileReference; lastKnownFileType = image.png; path = "tree-dead.png"; sourceTree = "<group>"; };
		597BE83E1BF2EA5100D72174 /* tree-oak.png */ = {isa = PBXFileReference; lastKnownFileType = image.png; path = "tree-oak.png"; sourceTree = "<group>"; };
		597BE83F1BF2EA5100D72174 /* tree-palm.png */ = {isa = PBXFileReference; lastKnownFileType = image.png; path = "tree-palm.png"; sourceTree = "<group>"; };
		597BE8401BF2EA5100D72174 /* tree-pine-snow.png */ = {isa = PBXFileReference; lastKnownFileType = image.png; path = "tree-pine-snow.png"; sourceTree = "<group>"; };
		597BE8411BF2EA5100D72174 /* tree-pine.png */ = {isa = PBXFileReference; lastKnownFileType = image.png; path = "tree-pine.png"; sourceTree = "<group>"; };
		597BE8421BF2EA5100D72174 /* tree-swamp.png */ = {isa = PBXFileReference; lastKnownFileType = image.png; path = "tree-swamp.png"; sourceTree = "<group>"; };
		597BE8431BF2EA5100D72174 /* volcano-empty.png */ = {isa = PBXFileReference; lastKnownFileType = image.png; path = "volcano-empty.png"; sourceTree = "<group>"; };
		597BE8441BF2EA5100D72174 /* volcano-full.png */ = {isa = PBXFileReference; lastKnownFileType = image.png; path = "volcano-full.png"; sourceTree = "<group>"; };
		597BE8451BF2EA5100D72174 /* volcano-overflow.png */ = {isa = PBXFileReference; lastKnownFileType = image.png; path = "volcano-overflow.png"; sourceTree = "<group>"; };
		597BE8461BF2EA5100D72174 /* water.png */ = {isa = PBXFileReference; lastKnownFileType = image.png; path = water.png; sourceTree = "<group>"; };
		597BE8471BF2EA5100D72174 /* wood-door-broken.png */ = {isa = PBXFileReference; lastKnownFileType = image.png; path = "wood-door-broken.png"; sourceTree = "<group>"; };
		597BE8481BF2EA5100D72174 /* wood-door-closed.png */ = {isa = PBXFileReference; lastKnownFileType = image.png; path = "wood-door-closed.png"; sourceTree = "<group>"; };
		597BE8491BF2EA5100D72174 /* wood-door-open.png */ = {isa = PBXFileReference; lastKnownFileType = image.png; path = "wood-door-open.png"; sourceTree = "<group>"; };
		597BE84A1BF2EA5100D72174 /* wood-stairs-down.png */ = {isa = PBXFileReference; lastKnownFileType = image.png; path = "wood-stairs-down.png"; sourceTree = "<group>"; };
		597BE84B1BF2EA5100D72174 /* wood-stairs-up.png */ = {isa = PBXFileReference; lastKnownFileType = image.png; path = "wood-stairs-up.png"; sourceTree = "<group>"; };
		597BE84C1BF2EA5100D72174 /* wood-wall.png */ = {isa = PBXFileReference; lastKnownFileType = image.png; path = "wood-wall.png"; sourceTree = "<group>"; };
		597BE84D1BF2EA5100D72174 /* wood-window-barred.png */ = {isa = PBXFileReference; lastKnownFileType = image.png; path = "wood-window-barred.png"; sourceTree = "<group>"; };
		597BE84E1BF2EA5100D72174 /* wood-window-frame.png */ = {isa = PBXFileReference; lastKnownFileType = image.png; path = "wood-window-frame.png"; sourceTree = "<group>"; };
		597BE84F1BF2EA5100D72174 /* wood-window.png */ = {isa = PBXFileReference; lastKnownFileType = image.png; path = "wood-window.png"; sourceTree = "<group>"; };
		597BE88A1BF2F1B800D72174 /* player.png */ = {isa = PBXFileReference; lastKnownFileType = image.png; path = player.png; sourceTree = "<group>"; };
		59D9CC521BDE51A70064F621 /* Farm.cpp */ = {isa = PBXFileReference; fileEncoding = 4; lastKnownFileType = sourcecode.cpp.cpp; path = Farm.cpp; sourceTree = "<group>"; };
		59D9CC531BDE51A70064F621 /* Farm.h */ = {isa = PBXFileReference; fileEncoding = 4; lastKnownFileType = sourcecode.c.h; path = Farm.h; sourceTree = "<group>"; };
/* End PBXFileReference section */

/* Begin PBXFrameworksBuildPhase section */
		16C6CA311BC3B98A000FC6EC /* Frameworks */ = {
			isa = PBXFrameworksBuildPhase;
			buildActionMask = 2147483647;
			files = (
			);
			runOnlyForDeploymentPostprocessing = 0;
		};
/* End PBXFrameworksBuildPhase section */

/* Begin PBXGroup section */
		16A1DC131BCA4940007688AD /* tiles */ = {
			isa = PBXGroup;
			children = (
				597BE88A1BF2F1B800D72174 /* player.png */,
				597BE8181BF2EA5100D72174 /* altar.png */,
				597BE8191BF2EA5100D72174 /* bones.png */,
				597BE81A1BF2EA5100D72174 /* boulder.png */,
				597BE81B1BF2EA5100D72174 /* brick-wall.png */,
				597BE81C1BF2EA5100D72174 /* bricks-window-barred.png */,
				597BE81D1BF2EA5100D72174 /* bricks-window.png */,
				597BE81E1BF2EA5100D72174 /* cactus.png */,
				597BE81F1BF2EA5100D72174 /* clay.png */,
				597BE8201BF2EA5100D72174 /* cobble.png */,
				597BE8211BF2EA5100D72174 /* crate.png */,
				597BE8221BF2EA5100D72174 /* dirt.png */,
				597BE8231BF2EA5100D72174 /* field-1.png */,
				597BE8241BF2EA5100D72174 /* field-2.png */,
				597BE8251BF2EA5100D72174 /* field-3.png */,
				597BE8261BF2EA5100D72174 /* field-4.png */,
				597BE8271BF2EA5100D72174 /* field-dead.png */,
				597BE8281BF2EA5100D72174 /* fire.png */,
				597BE8291BF2EA5100D72174 /* fountain.png */,
				597BE82A1BF2EA5100D72174 /* grass.png */,
				597BE82B1BF2EA5100D72174 /* hill.png */,
				597BE82C1BF2EA5100D72174 /* kiln.png */,
				597BE82D1BF2EA5100D72174 /* lava.png */,
				597BE82E1BF2EA5100D72174 /* mountain.png */,
				597BE82F1BF2EA5100D72174 /* river.png */,
				597BE8301BF2EA5100D72174 /* rocks.png */,
				597BE8311BF2EA5100D72174 /* snow.png */,
				597BE8321BF2EA5100D72174 /* statue.png */,
				597BE8331BF2EA5100D72174 /* stone-door-broken.png */,
				597BE8341BF2EA5100D72174 /* stone-door-close.png */,
				597BE8351BF2EA5100D72174 /* stone-door-metal.png */,
				597BE8361BF2EA5100D72174 /* stone-door-open.png */,
				597BE8371BF2EA5100D72174 /* stone-stairs-down.png */,
				597BE8381BF2EA5100D72174 /* stone-stairs-up.png */,
				597BE8391BF2EA5100D72174 /* stone-wall.png */,
				597BE83A1BF2EA5100D72174 /* stone-window-barred.png */,
				597BE83B1BF2EA5100D72174 /* stone-window.png */,
				597BE83C1BF2EA5100D72174 /* swamp.png */,
				597BE83D1BF2EA5100D72174 /* tree-dead.png */,
				597BE83E1BF2EA5100D72174 /* tree-oak.png */,
				597BE83F1BF2EA5100D72174 /* tree-palm.png */,
				597BE8401BF2EA5100D72174 /* tree-pine-snow.png */,
				597BE8411BF2EA5100D72174 /* tree-pine.png */,
				597BE8421BF2EA5100D72174 /* tree-swamp.png */,
				597BE8431BF2EA5100D72174 /* volcano-empty.png */,
				597BE8441BF2EA5100D72174 /* volcano-full.png */,
				597BE8451BF2EA5100D72174 /* volcano-overflow.png */,
				597BE8461BF2EA5100D72174 /* water.png */,
				597BE8471BF2EA5100D72174 /* wood-door-broken.png */,
				597BE8481BF2EA5100D72174 /* wood-door-closed.png */,
				597BE8491BF2EA5100D72174 /* wood-door-open.png */,
				597BE84A1BF2EA5100D72174 /* wood-stairs-down.png */,
				597BE84B1BF2EA5100D72174 /* wood-stairs-up.png */,
				597BE84C1BF2EA5100D72174 /* wood-wall.png */,
				597BE84D1BF2EA5100D72174 /* wood-window-barred.png */,
				597BE84E1BF2EA5100D72174 /* wood-window-frame.png */,
				597BE84F1BF2EA5100D72174 /* wood-window.png */,
			);
			name = tiles;
			path = Resources/tiles;
			sourceTree = "<group>";
		};
		16A7A2831BC3BAA9004194BB /* src */ = {
			isa = PBXGroup;
			children = (
				597BE8151BF2CB1800D72174 /* Entity.cpp */,
				597BE8161BF2CB1800D72174 /* Entity.h */,
				16C35B2E1BC3D51D0020188E /* Generics */,
				16A7A2C71BC3CB38004194BB /* Utils */,
				16A7A2841BC3BABD004194BB /* Cartographer */,
				16A7A2981BC3BABD004194BB /* Core */,
				16A7A2991BC3BABD004194BB /* Lunchbox */,
				16A7A2A51BC3BABD004194BB /* main.cpp */,
			);
			name = src;
			sourceTree = "<group>";
		};
		16A7A2841BC3BABD004194BB /* Cartographer */ = {
			isa = PBXGroup;
			children = (
				16A7A2851BC3BABD004194BB /* Cartographer.cpp */,
				16A7A2861BC3BABD004194BB /* Cartographer.h */,
				16A7A2871BC3BABD004194BB /* Generator */,
				16A7A28A1BC3BABD004194BB /* Region */,
				16A7A2961BC3BABD004194BB /* Tile.cpp */,
				16A7A2971BC3BABD004194BB /* Tile.h */,
			);
			name = Cartographer;
			path = src/Cartographer;
			sourceTree = "<group>";
		};
		16A7A2871BC3BABD004194BB /* Generator */ = {
			isa = PBXGroup;
			children = (
				16A7A2881BC3BABD004194BB /* CellAuto.cpp */,
				16A7A2891BC3BABD004194BB /* CellAuto.h */,
			);
			path = Generator;
			sourceTree = "<group>";
		};
		16A7A28A1BC3BABD004194BB /* Region */ = {
			isa = PBXGroup;
			children = (
				16A7A28B1BC3BABD004194BB /* Biomes */,
				16A7A2901BC3BABD004194BB /* Features */,
				16A7A2941BC3BABD004194BB /* Region.cpp */,
				16A7A2951BC3BABD004194BB /* Region.h */,
			);
			path = Region;
			sourceTree = "<group>";
		};
		16A7A28B1BC3BABD004194BB /* Biomes */ = {
			isa = PBXGroup;
			children = (
				59D9CC521BDE51A70064F621 /* Farm.cpp */,
				59D9CC531BDE51A70064F621 /* Farm.h */,
				16A7A28C1BC3BABD004194BB /* Forest.cpp */,
				16A7A28D1BC3BABD004194BB /* Forest.h */,
				16A7A28E1BC3BABD004194BB /* Plains.cpp */,
				16A7A28F1BC3BABD004194BB /* Plains.h */,
			);
			path = Biomes;
			sourceTree = "<group>";
		};
		16A7A2901BC3BABD004194BB /* Features */ = {
			isa = PBXGroup;
			children = (
				16A7A2911BC3BABD004194BB /* Buildings */,
			);
			path = Features;
			sourceTree = "<group>";
		};
		16A7A2911BC3BABD004194BB /* Buildings */ = {
			isa = PBXGroup;
			children = (
				16A7A2921BC3BABD004194BB /* House.cpp */,
				16A7A2931BC3BABD004194BB /* House.h */,
			);
			path = Buildings;
			sourceTree = "<group>";
		};
		16A7A2981BC3BABD004194BB /* Core */ = {
			isa = PBXGroup;
			children = (
				16F4C4631BF44F5500CFC815 /* Player.cpp */,
				16F4C4641BF44F5500CFC815 /* Player.hpp */,
				166B46591BDE08CD00499C7E /* BiomeManager.cpp */,
				166B465A1BDE08CD00499C7E /* BiomeManager.hpp */,
				16A7A2CF1BC3CBE7004194BB /* TextureManager.cpp */,
				16A7A2D01BC3CBE7004194BB /* TextureManager.hpp */,
				16D53C4F1BC936A000BE00F1 /* TileManager.cpp */,
				16D53C501BC936A000BE00F1 /* TileManager.hpp */,
				16A1DC881BCA58B1007688AD /* Animator.cpp */,
				16A1DC891BCA58B1007688AD /* Animator.hpp */,
				1630A1B61BCA718F00F3B6F5 /* GameController.cpp */,
				1630A1B71BCA718F00F3B6F5 /* GameController.hpp */,
			);
			name = Core;
			path = src/Core;
			sourceTree = "<group>";
		};
		16A7A2991BC3BABD004194BB /* Lunchbox */ = {
			isa = PBXGroup;
			children = (
				16A7A29A1BC3BABD004194BB /* .gitignore */,
				16A7A29B1BC3BABD004194BB /* include */,
				16A7A2A11BC3BABD004194BB /* src */,
			);
			name = Lunchbox;
			path = src/Lunchbox;
			sourceTree = "<group>";
		};
		16A7A29B1BC3BABD004194BB /* include */ = {
			isa = PBXGroup;
			children = (
				16A7A29C1BC3BABD004194BB /* lbCSV.h */,
				16A7A29D1BC3BABD004194BB /* lbLog.h */,
				16A7A29E1BC3BABD004194BB /* lbRNG.h */,
				16A7A29F1BC3BABD004194BB /* lbString.h */,
			);
			path = include;
			sourceTree = "<group>";
		};
		16A7A2A11BC3BABD004194BB /* src */ = {
			isa = PBXGroup;
			children = (
				16A7A2A21BC3BABD004194BB /* lbCSV.cpp */,
				16A7A2A31BC3BABD004194BB /* lbLog.cpp */,
				16A7A2A41BC3BABD004194BB /* lbString.cpp */,
			);
			path = src;
			sourceTree = "<group>";
		};
		16A7A2C71BC3CB38004194BB /* Utils */ = {
			isa = PBXGroup;
			children = (
				16C90D7A1BD4E90E0054D9F6 /* SimplexNoise.cpp */,
				16C90D7B1BD4E90E0054D9F6 /* SimplexNoise.h */,
				16A7A2C91BC3CBAD004194BB /* ResourcePath.hpp */,
				16A7A2CA1BC3CBAD004194BB /* ResourcePath.mm */,
				16A7A2CB1BC3CBAD004194BB /* Singleton.cpp */,
				16A7A2CC1BC3CBAD004194BB /* Singleton.hpp */,
			);
			name = Utils;
			sourceTree = "<group>";
		};
		16C35B2E1BC3D51D0020188E /* Generics */ = {
			isa = PBXGroup;
			children = (
				16C35B2F1BC3D51D0020188E /* GArray.cpp */,
				16C35B301BC3D51D0020188E /* GArray.h */,
				16C35B311BC3D51D0020188E /* GConfig.cpp */,
				16C35B321BC3D51D0020188E /* GConfig.h */,
				16C35B331BC3D51D0020188E /* GDict.cpp */,
				16C35B341BC3D51D0020188E /* GDict.h */,
				16C35B351BC3D51D0020188E /* Generic.cpp */,
				16C35B361BC3D51D0020188E /* Generic.h */,
				16C35B371BC3D51D0020188E /* Generics.h */,
				16C35B381BC3D51D0020188E /* GNumber.cpp */,
				16C35B391BC3D51D0020188E /* GNumber.h */,
				16C35B3A1BC3D51D0020188E /* GString.cpp */,
				16C35B3B1BC3D51D0020188E /* GString.h */,
				16C35B3D1BC3D51D0020188E /* Utils.h */,
			);
			name = Generics;
			path = src/Generics;
			sourceTree = "<group>";
		};
		16C6CA2B1BC3B98A000FC6EC = {
			isa = PBXGroup;
			children = (
				16C6CA371BC3B98A000FC6EC /* Crypt */,
				16C6CA361BC3B98A000FC6EC /* Products */,
			);
			sourceTree = "<group>";
		};
		16C6CA361BC3B98A000FC6EC /* Products */ = {
			isa = PBXGroup;
			children = (
				16C6CA351BC3B98A000FC6EC /* Crypt.app */,
			);
			name = Products;
			sourceTree = "<group>";
		};
		16C6CA371BC3B98A000FC6EC /* Crypt */ = {
			isa = PBXGroup;
			children = (
				16A7A2831BC3BAA9004194BB /* src */,
				16C6CA3F1BC3B98A000FC6EC /* Resources */,
				16C6CA381BC3B98A000FC6EC /* Supporting Files */,
			);
			path = Crypt;
			sourceTree = "<group>";
		};
		16C6CA381BC3B98A000FC6EC /* Supporting Files */ = {
			isa = PBXGroup;
			children = (
				16C6CA391BC3B98A000FC6EC /* Crypt-Info.plist */,
			);
			name = "Supporting Files";
			sourceTree = "<group>";
		};
		16C6CA3F1BC3B98A000FC6EC /* Resources */ = {
			isa = PBXGroup;
			children = (
				16E1E60D1BEF335B0080E779 /* sound */,
				168BFB3D1BCE920C0034F4DD /* icon.png */,
				16A1DC131BCA4940007688AD /* tiles */,
				16D53C521BC9390A00BE00F1 /* tiles.json */,
				16D53C4B1BC92F4700BE00F1 /* textures.json */,
				16D53C491BC92F3D00BE00F1 /* tileset.bmp */,
				16C90D7D1BD4E9370054D9F6 /* biomes.json */,
			);
			name = Resources;
			sourceTree = "<group>";
		};
		16E1E60D1BEF335B0080E779 /* sound */ = {
			isa = PBXGroup;
			children = (
				16E1E6101BEF34870080E779 /* song.ogg */,
			);
			name = sound;
			path = Resources/sound;
			sourceTree = "<group>";
		};
/* End PBXGroup section */

/* Begin PBXNativeTarget section */
		16C6CA341BC3B98A000FC6EC /* Crypt */ = {
			isa = PBXNativeTarget;
			buildConfigurationList = 16C6CA4A1BC3B98A000FC6EC /* Build configuration list for PBXNativeTarget "Crypt" */;
			buildPhases = (
				16C6CA301BC3B98A000FC6EC /* Sources */,
				16C6CA311BC3B98A000FC6EC /* Frameworks */,
				16C6CA321BC3B98A000FC6EC /* Resources */,
				16C6CA331BC3B98A000FC6EC /* ShellScript */,
			);
			buildRules = (
			);
			dependencies = (
			);
			name = Crypt;
			productName = Crypt;
			productReference = 16C6CA351BC3B98A000FC6EC /* Crypt.app */;
			productType = "com.apple.product-type.application";
		};
/* End PBXNativeTarget section */

/* Begin PBXProject section */
		16C6CA2C1BC3B98A000FC6EC /* Project object */ = {
			isa = PBXProject;
			attributes = {
				LastUpgradeCheck = 0710;
				ORGANIZATIONNAME = "Jacob Gonzalez";
				TargetAttributes = {
					16C6CA341BC3B98A000FC6EC = {
						CreatedOnToolsVersion = 7.0.1;
					};
				};
			};
			buildConfigurationList = 16C6CA2F1BC3B98A000FC6EC /* Build configuration list for PBXProject "Crypt" */;
			compatibilityVersion = "Xcode 3.2";
			developmentRegion = English;
			hasScannedForEncodings = 0;
			knownRegions = (
				en,
			);
			mainGroup = 16C6CA2B1BC3B98A000FC6EC;
			productRefGroup = 16C6CA361BC3B98A000FC6EC /* Products */;
			projectDirPath = "";
			projectRoot = "";
			targets = (
				16C6CA341BC3B98A000FC6EC /* Crypt */,
			);
		};
/* End PBXProject section */

/* Begin PBXResourcesBuildPhase section */
		16C6CA321BC3B98A000FC6EC /* Resources */ = {
			isa = PBXResourcesBuildPhase;
			buildActionMask = 2147483647;
			files = (
				597BE8741BF2EA5100D72174 /* swamp.png in Resources */,
				597BE88B1BF2F1B800D72174 /* player.png in Resources */,
				597BE8671BF2EA5100D72174 /* river.png in Resources */,
				597BE8601BF2EA5100D72174 /* fire.png in Resources */,
				597BE8751BF2EA5100D72174 /* tree-dead.png in Resources */,
				597BE8761BF2EA5100D72174 /* tree-oak.png in Resources */,
				597BE8851BF2EA5100D72174 /* wood-window-barred.png in Resources */,
				597BE8691BF2EA5100D72174 /* snow.png in Resources */,
				597BE87F1BF2EA5100D72174 /* wood-door-broken.png in Resources */,
				16D53C4A1BC92F3D00BE00F1 /* tileset.bmp in Resources */,
				597BE86D1BF2EA5100D72174 /* stone-door-metal.png in Resources */,
				597BE85F1BF2EA5100D72174 /* field-dead.png in Resources */,
				597BE87B1BF2EA5100D72174 /* volcano-empty.png in Resources */,
				597BE8841BF2EA5100D72174 /* wood-wall.png in Resources */,
				168BFB3E1BCE920C0034F4DD /* icon.png in Resources */,
				597BE85C1BF2EA5100D72174 /* field-2.png in Resources */,
				597BE87E1BF2EA5100D72174 /* water.png in Resources */,
				597BE8631BF2EA5100D72174 /* hill.png in Resources */,
				597BE8801BF2EA5100D72174 /* wood-door-closed.png in Resources */,
				16A7A2AF1BC3BABD004194BB /* .gitignore in Resources */,
				597BE86A1BF2EA5100D72174 /* statue.png in Resources */,
				597BE8511BF2EA5100D72174 /* bones.png in Resources */,
				597BE8781BF2EA5100D72174 /* tree-pine-snow.png in Resources */,
				597BE8871BF2EA5100D72174 /* wood-window.png in Resources */,
				597BE8791BF2EA5100D72174 /* tree-pine.png in Resources */,
				597BE8621BF2EA5100D72174 /* grass.png in Resources */,
				597BE8681BF2EA5100D72174 /* rocks.png in Resources */,
				597BE8501BF2EA5100D72174 /* altar.png in Resources */,
				16C90D7E1BD4E9370054D9F6 /* biomes.json in Resources */,
				597BE8641BF2EA5100D72174 /* kiln.png in Resources */,
				597BE8811BF2EA5100D72174 /* wood-door-open.png in Resources */,
				597BE8571BF2EA5100D72174 /* clay.png in Resources */,
				597BE8701BF2EA5100D72174 /* stone-stairs-up.png in Resources */,
				597BE8561BF2EA5100D72174 /* cactus.png in Resources */,
				597BE8731BF2EA5100D72174 /* stone-window.png in Resources */,
				597BE86C1BF2EA5100D72174 /* stone-door-close.png in Resources */,
				597BE8771BF2EA5100D72174 /* tree-palm.png in Resources */,
				597BE8611BF2EA5100D72174 /* fountain.png in Resources */,
				597BE8861BF2EA5100D72174 /* wood-window-frame.png in Resources */,
				597BE8831BF2EA5100D72174 /* wood-stairs-up.png in Resources */,
				597BE8721BF2EA5100D72174 /* stone-window-barred.png in Resources */,
				597BE8531BF2EA5100D72174 /* brick-wall.png in Resources */,
				597BE8711BF2EA5100D72174 /* stone-wall.png in Resources */,
				597BE86E1BF2EA5100D72174 /* stone-door-open.png in Resources */,
				597BE8591BF2EA5100D72174 /* crate.png in Resources */,
				597BE8651BF2EA5100D72174 /* lava.png in Resources */,
				597BE8581BF2EA5100D72174 /* cobble.png in Resources */,
				597BE8821BF2EA5100D72174 /* wood-stairs-down.png in Resources */,
				16D53C531BC9390A00BE00F1 /* tiles.json in Resources */,
				597BE87C1BF2EA5100D72174 /* volcano-full.png in Resources */,
				597BE86B1BF2EA5100D72174 /* stone-door-broken.png in Resources */,
				597BE8541BF2EA5100D72174 /* bricks-window-barred.png in Resources */,
				16E1E6111BEF34870080E779 /* song.ogg in Resources */,
				597BE85D1BF2EA5100D72174 /* field-3.png in Resources */,
				597BE8521BF2EA5100D72174 /* boulder.png in Resources */,
				597BE87D1BF2EA5100D72174 /* volcano-overflow.png in Resources */,
				597BE87A1BF2EA5100D72174 /* tree-swamp.png in Resources */,
				597BE85A1BF2EA5100D72174 /* dirt.png in Resources */,
				597BE85B1BF2EA5100D72174 /* field-1.png in Resources */,
				597BE8551BF2EA5100D72174 /* bricks-window.png in Resources */,
				597BE8661BF2EA5100D72174 /* mountain.png in Resources */,
				597BE86F1BF2EA5100D72174 /* stone-stairs-down.png in Resources */,
				597BE85E1BF2EA5100D72174 /* field-4.png in Resources */,
				16D53C4C1BC92F4700BE00F1 /* textures.json in Resources */,
			);
			runOnlyForDeploymentPostprocessing = 0;
		};
/* End PBXResourcesBuildPhase section */

/* Begin PBXShellScriptBuildPhase section */
		16C6CA331BC3B98A000FC6EC /* ShellScript */ = {
			isa = PBXShellScriptBuildPhase;
			buildActionMask = 2147483647;
			files = (
			);
			inputPaths = (
			);
			outputPaths = (
			);
			runOnlyForDeploymentPostprocessing = 0;
			shellPath = /bin/sh;
			shellScript = "# This shell script simply copies required SFML dylibs/frameworks into the application bundle frameworks folder.\n# If you're using static libraries (which is not recommended) you should remove this script from your project.\n\n# Are we building a project that uses frameworks or dylibs?\ncase \"$SFML_BINARY_TYPE\" in\n    DYLIBS)\n        frameworks=\"false\"\n        ;;\n    *)\n        frameworks=\"true\"\n        ;;\nesac\n\n# Echoes to stderr\nerror () # $* message to display\n{\n    echo $* 1>&2\n    exit 2\n}\n\nassert () # $1 is a boolean, $2...N is an error message\n{\n    if [ $# -lt 2 ]\n    then\n        error \"Internal error in assert : not enough args\"\n    fi\n\n    if [ $1 -ne 0 ]\n    then\n        shift\n        error \"$*\"\n    fi\n}\n\nforce_remove () # $@ is some paths\n{\n    test $# -ge 1\n    assert $? \"force_remove() requires at least one parameter\"\n    rm -fr $@\n    assert $? \"couldn't remove $@\"\n}\n\ncopy () # $1 is a source, $2 is a destination\n{\n    test $# -eq 2\n    assert $? \"copy() requires two parameters\"\n    ditto \"$1\" \"$2\"\n    assert $? \"couldn't copy $1 to $2\"\n}\n\nrequire () # $1 is a SFML module like 'system' or 'audio'\n{\n    dest=\"$BUILT_PRODUCTS_DIR/$PRODUCT_NAME.app/Contents/Frameworks\"\n\n    if [ -z \"$1\" ]\n    then\n        error \"require() requires one parameter!\"\n    else\n        # clean potentially old stuff\n        force_remove \"$dest/libsfml-$1\"*\n        force_remove \"$dest/sfml-$1.framework\"\n\n        # copy SFML libraries\n        if [ \"$frameworks\" = \"true\" ]\n        then\n            source=\"/Library/Frameworks/sfml-$1.framework\"\n            target=\"sfml-$1.framework\"\n        elif [ \"$SFML_LINK_DYLIBS_SUFFIX\" = \"-d\" ]\n        then\n            source=\"/usr/local/lib/libsfml-$1-d.dylib\"\n            target=\"`readlink $source`\"\n        else\n            source=\"/usr/local/lib/libsfml-$1.dylib\"\n            target=\"`readlink $source`\"\n        fi\n\n        copy \"$source\" \"$dest/$target\"\n\n        # copy extra dependencies\n        if [ \"$1\" = \"audio\" ]\n        then\n            # copy sndfile framework too\n            copy \"/Library/Frameworks/sndfile.framework\" \"$dest/sndfile.framework\"\n        elif [ \"$1\" = \"graphics\" ]\n        then\n            # copy freetype framework too\n            copy \"/Library/Frameworks/freetype.framework\" \"$dest/freetype.framework\"\n        fi\n    fi\n}\n\nif [ -n \"$SFML_SYSTEM\" ]\nthen\n    require \"system\"\nfi\n\nif [ -n \"$SFML_AUDIO\" ]\nthen\n    require \"audio\"\nfi\n\nif [ -n \"$SFML_NETWORK\" ]\nthen\n    require \"network\"\nfi\n\nif [ -n \"$SFML_WINDOW\" ]\nthen\n    require \"window\"\nfi\n\nif [ -n \"$SFML_GRAPHICS\" ]\nthen\n    require \"graphics\"\nfi\n\n                ";
		};
/* End PBXShellScriptBuildPhase section */

/* Begin PBXSourcesBuildPhase section */
		16C6CA301BC3B98A000FC6EC /* Sources */ = {
			isa = PBXSourcesBuildPhase;
			buildActionMask = 2147483647;
			files = (
				16A7A2A91BC3BABD004194BB /* CellAuto.cpp in Sources */,
				16C90D7C1BD4E90E0054D9F6 /* SimplexNoise.cpp in Sources */,
				16A7A2A81BC3BABD004194BB /* Cartographer.cpp in Sources */,
				59D9CC541BDE51A70064F621 /* Farm.cpp in Sources */,
				16A1DC8A1BCA58B1007688AD /* Animator.cpp in Sources */,
				16A7A2B41BC3BABD004194BB /* main.cpp in Sources */,
				16A7A2CD1BC3CBAD004194BB /* ResourcePath.mm in Sources */,
				597BE8171BF2CB1800D72174 /* Entity.cpp in Sources */,
				16F4C4651BF44F5500CFC815 /* Player.cpp in Sources */,
				16A7A2B11BC3BABD004194BB /* lbCSV.cpp in Sources */,
				16C35B411BC3D51D0020188E /* Generic.cpp in Sources */,
				16A7A2B31BC3BABD004194BB /* lbString.cpp in Sources */,
				16A7A2AC1BC3BABD004194BB /* House.cpp in Sources */,
				16A7A2B21BC3BABD004194BB /* lbLog.cpp in Sources */,
				16A7A2CE1BC3CBAD004194BB /* Singleton.cpp in Sources */,
				16C35B3F1BC3D51D0020188E /* GConfig.cpp in Sources */,
				16C35B3E1BC3D51D0020188E /* GArray.cpp in Sources */,
				16A7A2AD1BC3BABD004194BB /* Region.cpp in Sources */,
				16D53C511BC936A000BE00F1 /* TileManager.cpp in Sources */,
				16A7A2AB1BC3BABD004194BB /* Plains.cpp in Sources */,
				16C35B431BC3D51D0020188E /* GString.cpp in Sources */,
				166B465B1BDE08CD00499C7E /* BiomeManager.cpp in Sources */,
				16C35B401BC3D51D0020188E /* GDict.cpp in Sources */,
				16A7A2AA1BC3BABD004194BB /* Forest.cpp in Sources */,
				16A7A2AE1BC3BABD004194BB /* Tile.cpp in Sources */,
				1630A1B81BCA718F00F3B6F5 /* GameController.cpp in Sources */,
				16A7A2D11BC3CBE7004194BB /* TextureManager.cpp in Sources */,
				16C35B421BC3D51D0020188E /* GNumber.cpp in Sources */,
			);
			runOnlyForDeploymentPostprocessing = 0;
		};
/* End PBXSourcesBuildPhase section */

/* Begin XCBuildConfiguration section */
		16C6CA481BC3B98A000FC6EC /* Debug */ = {
			isa = XCBuildConfiguration;
			buildSettings = {
				CLANG_CXX_LANGUAGE_STANDARD = "c++0x";
				CLANG_CXX_LIBRARY = "libc++";
				CLANG_WARN_BOOL_CONVERSION = YES;
				CLANG_WARN_CONSTANT_CONVERSION = YES;
				CLANG_WARN_EMPTY_BODY = YES;
				CLANG_WARN_ENUM_CONVERSION = YES;
				CLANG_WARN_INT_CONVERSION = YES;
				CLANG_WARN_UNREACHABLE_CODE = YES;
				CLANG_WARN__DUPLICATE_METHOD_MATCH = YES;
				ENABLE_STRICT_OBJC_MSGSEND = YES;
				ENABLE_TESTABILITY = YES;
				FRAMEWORK_SEARCH_PATHS = (
					/Library/Frameworks/,
					"$(inherited)",
				);
				GCC_NO_COMMON_BLOCKS = YES;
				GCC_VERSION = com.apple.compilers.llvm.clang.1_0;
				GCC_WARN_64_TO_32_BIT_CONVERSION = YES;
				GCC_WARN_ABOUT_RETURN_TYPE = YES;
				GCC_WARN_UNDECLARED_SELECTOR = YES;
				GCC_WARN_UNINITIALIZED_AUTOS = YES;
				GCC_WARN_UNUSED_FUNCTION = YES;
				GCC_WARN_UNUSED_VARIABLE = YES;
				HEADER_SEARCH_PATHS = (
					/usr/local/include/,
					"$(inherited)",
				);
				LIBRARY_SEARCH_PATHS = (
					/usr/local/lib/,
					"$(inherited)",
				);
				MACOSX_DEPLOYMENT_TARGET = 10.7;
				ONLY_ACTIVE_ARCH = YES;
				OTHER_LDFLAGS = (
					"$(inherited)",
					"$(SFML_SYSTEM)",
					"$(SFML_WINDOW)",
					"$(SFML_GRAPHICS)",
					"$(SFML_AUDIO)",
					"$(SFML_NETWORK)",
				);
				SFML_AUDIO = "$(SFML_LINK_PREFIX) sfml-audio$(SFML_LINK_SUFFIX)";
				SFML_BINARY_TYPE = FRAMEWORKS;
				SFML_GRAPHICS = "$(SFML_LINK_PREFIX) sfml-graphics$(SFML_LINK_SUFFIX)";
				SFML_LINK_DYLIBS_PREFIX = "-l";
				SFML_LINK_DYLIBS_SUFFIX = "";
				SFML_LINK_FRAMEWORKS_PREFIX = "-framework";
				SFML_LINK_FRAMEWORKS_SUFFIX = "";
				SFML_LINK_PREFIX = "$(SFML_LINK_$(SFML_BINARY_TYPE)_PREFIX)";
				SFML_LINK_SUFFIX = "$(SFML_LINK_$(SFML_BINARY_TYPE)_SUFFIX)";
				SFML_NETWORK = "";
				SFML_SYSTEM = "$(SFML_LINK_PREFIX) sfml-system$(SFML_LINK_SUFFIX)";
				SFML_WINDOW = "$(SFML_LINK_PREFIX) sfml-window$(SFML_LINK_SUFFIX)";
				SUPPORTED_PLATFORMS = macosx;
			};
			name = Debug;
		};
		16C6CA491BC3B98A000FC6EC /* Release */ = {
			isa = XCBuildConfiguration;
			buildSettings = {
				CLANG_CXX_LANGUAGE_STANDARD = "c++0x";
				CLANG_CXX_LIBRARY = "libc++";
				CLANG_WARN_BOOL_CONVERSION = YES;
				CLANG_WARN_CONSTANT_CONVERSION = YES;
				CLANG_WARN_EMPTY_BODY = YES;
				CLANG_WARN_ENUM_CONVERSION = YES;
				CLANG_WARN_INT_CONVERSION = YES;
				CLANG_WARN_UNREACHABLE_CODE = YES;
				CLANG_WARN__DUPLICATE_METHOD_MATCH = YES;
				ENABLE_STRICT_OBJC_MSGSEND = YES;
				FRAMEWORK_SEARCH_PATHS = (
					/Library/Frameworks/,
					"$(inherited)",
				);
				GCC_NO_COMMON_BLOCKS = YES;
				GCC_VERSION = com.apple.compilers.llvm.clang.1_0;
				GCC_WARN_64_TO_32_BIT_CONVERSION = YES;
				GCC_WARN_ABOUT_RETURN_TYPE = YES;
				GCC_WARN_UNDECLARED_SELECTOR = YES;
				GCC_WARN_UNINITIALIZED_AUTOS = YES;
				GCC_WARN_UNUSED_FUNCTION = YES;
				GCC_WARN_UNUSED_VARIABLE = YES;
				HEADER_SEARCH_PATHS = (
					/usr/local/include/,
					"$(inherited)",
				);
				LIBRARY_SEARCH_PATHS = (
					/usr/local/lib/,
					"$(inherited)",
				);
				MACOSX_DEPLOYMENT_TARGET = 10.7;
				OTHER_LDFLAGS = (
					"$(inherited)",
					"$(SFML_SYSTEM)",
					"$(SFML_WINDOW)",
					"$(SFML_GRAPHICS)",
					"$(SFML_AUDIO)",
					"$(SFML_NETWORK)",
				);
				SFML_AUDIO = "$(SFML_LINK_PREFIX) sfml-audio$(SFML_LINK_SUFFIX)";
				SFML_BINARY_TYPE = FRAMEWORKS;
				SFML_GRAPHICS = "$(SFML_LINK_PREFIX) sfml-graphics$(SFML_LINK_SUFFIX)";
				SFML_LINK_DYLIBS_PREFIX = "-l";
				SFML_LINK_DYLIBS_SUFFIX = "";
				SFML_LINK_FRAMEWORKS_PREFIX = "-framework";
				SFML_LINK_FRAMEWORKS_SUFFIX = "";
				SFML_LINK_PREFIX = "$(SFML_LINK_$(SFML_BINARY_TYPE)_PREFIX)";
				SFML_LINK_SUFFIX = "$(SFML_LINK_$(SFML_BINARY_TYPE)_SUFFIX)";
				SFML_NETWORK = "";
				SFML_SYSTEM = "$(SFML_LINK_PREFIX) sfml-system$(SFML_LINK_SUFFIX)";
				SFML_WINDOW = "$(SFML_LINK_PREFIX) sfml-window$(SFML_LINK_SUFFIX)";
				SUPPORTED_PLATFORMS = macosx;
			};
			name = Release;
		};
		16C6CA4B1BC3B98A000FC6EC /* Debug */ = {
			isa = XCBuildConfiguration;
			buildSettings = {
				COMBINE_HIDPI_IMAGES = YES;
				INFOPLIST_FILE = "Crypt/Crypt-Info.plist";
				LD_RUNPATH_SEARCH_PATHS = "@loader_path/../Frameworks";
				PRODUCT_BUNDLE_IDENTIFIER = "Unnecessary-Rain.Crypt";
				PRODUCT_NAME = "$(TARGET_NAME)";
			};
			name = Debug;
		};
		16C6CA4C1BC3B98A000FC6EC /* Release */ = {
			isa = XCBuildConfiguration;
			buildSettings = {
				COMBINE_HIDPI_IMAGES = YES;
				INFOPLIST_FILE = "Crypt/Crypt-Info.plist";
				LD_RUNPATH_SEARCH_PATHS = "@loader_path/../Frameworks";
				PRODUCT_BUNDLE_IDENTIFIER = "Unnecessary-Rain.Crypt";
				PRODUCT_NAME = "$(TARGET_NAME)";
			};
			name = Release;
		};
/* End XCBuildConfiguration section */

/* Begin XCConfigurationList section */
		16C6CA2F1BC3B98A000FC6EC /* Build configuration list for PBXProject "Crypt" */ = {
			isa = XCConfigurationList;
			buildConfigurations = (
				16C6CA481BC3B98A000FC6EC /* Debug */,
				16C6CA491BC3B98A000FC6EC /* Release */,
			);
			defaultConfigurationIsVisible = 0;
			defaultConfigurationName = Release;
		};
		16C6CA4A1BC3B98A000FC6EC /* Build configuration list for PBXNativeTarget "Crypt" */ = {
			isa = XCConfigurationList;
			buildConfigurations = (
				16C6CA4B1BC3B98A000FC6EC /* Debug */,
				16C6CA4C1BC3B98A000FC6EC /* Release */,
			);
			defaultConfigurationIsVisible = 0;
			defaultConfigurationName = Release;
		};
/* End XCConfigurationList section */
	};
	rootObject = 16C6CA2C1BC3B98A000FC6EC /* Project object */;
}
